schema: '2.0'
stages:
  data_ingestion:
    cmd: python src/pipeline/stage_01_data_ingestion.py
    deps:
    - path: config/config.yaml
      hash: md5
      md5: 20fac195a57291fbaaa398a54c715840
      size: 355
    - path: src/components/data_ingestion.py
      hash: md5
      md5: 3de7065a6b56255c6d75d1d5cc02fb5c
      size: 4548
    - path: src/pipeline/stage_01_data_ingestion.py
      hash: md5
      md5: 2640f845f321705167aaaf4ed4c6a291
      size: 1196
    - path: src/tools/data_generation/synthetic_data.py
      hash: md5
      md5: d149f6e9684a56444ebf88acf5ff1602
      size: 1975
    params:
      params.yaml:
        data_split.random_state: 42
        data_split.test_size: 0.15
        data_split.val_size: 0.15
    outs:
    - path: artifacts/data_ingestion/data.csv
      hash: md5
      md5: d44456d3e1511feb741ac03bb77d0f63
      size: 104941
    - path: artifacts/data_ingestion/test.csv
      hash: md5
      md5: 6a5d5ca3d25f82fe95e966eef5aa0bf1
      size: 15849
    - path: artifacts/data_ingestion/train.csv
      hash: md5
      md5: 1741924158f62937414d1ed55352d4be
      size: 73496
    - path: artifacts/data_ingestion/val.csv
      hash: md5
      md5: f9183550800e1c8066e8a719418803fc
      size: 15836
